
Microsoft Visual Studio Solution File, Format Version 12.00
# Visual Studio Version 17
VisualStudioVersion = 17.14.36623.8
MinimumVisualStudioVersion = 10.0.40219.1
Project("{FAE04EC0-301F-11D3-BF4B-00C04F79EFBC}") = "Domain", "Domain\Domain.csproj", "{E1FF9186-FBB6-4B6E-AC58-BAF435BCEC75}"
EndProject
Project("{FAE04EC0-301F-11D3-BF4B-00C04F79EFBC}") = "Infra", "Infra\Infra.csproj", "{7C6F60C8-2010-49BB-8C40-EC69827ADC7F}"
EndProject
Project("{FAE04EC0-301F-11D3-BF4B-00C04F79EFBC}") = "Api", "Api\Api.csproj", "{E6E80BE8-86B7-46D1-AF4D-BFDEB50B94A9}"
EndProject
Project("{FAE04EC0-301F-11D3-BF4B-00C04F79EFBC}") = "Application", "Application\Application.csproj", "{BD08FB65-F311-411B-8F47-136A4A87093C}"
EndProject
Project("{2150E333-8FDC-42A3-9474-1A3956D46DE8}") = "NewFolder1", "NewFolder1", "{02EA681E-C7D8-13C7-8484-4AC65E1B71E8}"
EndProject
Global
	GlobalSection(SolutionConfigurationPlatforms) = preSolution
		Debug|Any CPU = Debug|Any CPU
		Release|Any CPU = Release|Any CPU
	EndGlobalSection
	GlobalSection(ProjectConfigurationPlatforms) = postSolution
		{E1FF9186-FBB6-4B6E-AC58-BAF435BCEC75}.Debug|Any CPU.ActiveCfg = Debug|Any CPU
		{E1FF9186-FBB6-4B6E-AC58-BAF435BCEC75}.Debug|Any CPU.Build.0 = Debug|Any CPU
		{E1FF9186-FBB6-4B6E-AC58-BAF435BCEC75}.Release|Any CPU.ActiveCfg = Release|Any CPU
		{E1FF9186-FBB6-4B6E-AC58-BAF435BCEC75}.Release|Any CPU.Build.0 = Release|Any CPU
		{7C6F60C8-2010-49BB-8C40-EC69827ADC7F}.Debug|Any CPU.ActiveCfg = Debug|Any CPU
		{7C6F60C8-2010-49BB-8C40-EC69827ADC7F}.Debug|Any CPU.Build.0 = Debug|Any CPU
		{7C6F60C8-2010-49BB-8C40-EC69827ADC7F}.Release|Any CPU.ActiveCfg = Release|Any CPU
		{7C6F60C8-2010-49BB-8C40-EC69827ADC7F}.Release|Any CPU.Build.0 = Release|Any CPU
		{E6E80BE8-86B7-46D1-AF4D-BFDEB50B94A9}.Debug|Any CPU.ActiveCfg = Debug|Any CPU
		{E6E80BE8-86B7-46D1-AF4D-BFDEB50B94A9}.Debug|Any CPU.Build.0 = Debug|Any CPU
		{E6E80BE8-86B7-46D1-AF4D-BFDEB50B94A9}.Release|Any CPU.ActiveCfg = Release|Any CPU
		{E6E80BE8-86B7-46D1-AF4D-BFDEB50B94A9}.Release|Any CPU.Build.0 = Release|Any CPU
		{BD08FB65-F311-411B-8F47-136A4A87093C}.Debug|Any CPU.ActiveCfg = Debug|Any CPU
		{BD08FB65-F311-411B-8F47-136A4A87093C}.Debug|Any CPU.Build.0 = Debug|Any CPU
		{BD08FB65-F311-411B-8F47-136A4A87093C}.Release|Any CPU.ActiveCfg = Release|Any CPU
		{BD08FB65-F311-411B-8F47-136A4A87093C}.Release|Any CPU.Build.0 = Release|Any CPU
	EndGlobalSection
	GlobalSection(SolutionProperties) = preSolution
		HideSolutionNode = FALSE
	EndGlobalSection
EndGlobal
